{
  "originHash" : "7dbbfe6e7ba99beefb676628070350ed6a5430090637d0dd168f20c9fcf95618",
  "pins" : [
    {
      "identity" : "swift-syntax",
      "kind" : "remoteSourceControl",
      "location" : "https://github.com/swiftlang/swift-syntax.git",
      "state" : {
        "revision" : "515f79b522918f83483068d99c68daeb5116342d",
        "version" : "600.0.0-prerelease-2024-09-04"
      }
    },
    {
      "identity" : "swift-testing",
      "kind" : "remoteSourceControl",
      "location" : "https://github.com/swiftlang/swift-testing.git",
      "state" : {
        "revision" : "c55848b2aa4b29a4df542b235dfdd792a6fbe341",
        "version" : "0.12.0"
      }
    }
  ],
  "version" : 3
}
